
Microsoft Visual Studio Solution File, Format Version 11.00
# Visual C++ Express 2010
Project("{8BC9CEB8-8B4A-11D0-8D11-00A0C91BC942}") = "GHCN App", "GHCN App.vcxproj", "{BCA0AAD7-8F9F-D1D4-F498-5536B5602927}"
EndProject
Global
	GlobalSection(SolutionConfigurationPlatforms) = preSolution
		Debug|Win32 = Debug|Win32
		Release|Win32 = Release|Win32
	EndGlobalSection
	GlobalSection(ProjectConfigurationPlatforms) = postSolution
		{BCA0AAD7-8F9F-D1D4-F498-5536B5602927}.Debug|Win32.ActiveCfg = Debug|Win32
		{BCA0AAD7-8F9F-D1D4-F498-5536B5602927}.Debug|Win32.Build.0 = Debug|Win32
		{BCA0AAD7-8F9F-D1D4-F498-5536B5602927}.Release|Win32.ActiveCfg = Release|Win32
		{BCA0AAD7-8F9F-D1D4-F498-5536B5602927}.Release|Win32.Build.0 = Release|Win32
	EndGlobalSection
	GlobalSection(SolutionProperties) = preSolution
		HideSolutionNode = FALSE
	EndGlobalSection
EndGlobal
